
Microsoft Visual Studio Solution File, Format Version 12.00
# Visual Studio Version 16
VisualStudioVersion = 16.0.30114.105
MinimumVisualStudioVersion = 10.0.40219.1
Project("{9A19103F-16F7-4668-BE54-9A1E7A4F7556}") = "AspNetCoreWithAngular", "AspNetCoreWithAngular\AspNetCoreWithAngular.csproj", "{08BCEA0E-E832-4758-98F2-E76FAB1D6579}"
EndProject
Project("{9A19103F-16F7-4668-BE54-9A1E7A4F7556}") = "AspNetCoreMvc3.Introduction", "AspNetCoreMvc3.Introduction\AspNetCoreMvc3.Introduction.csproj", "{035F3C80-4F45-4230-A47E-AA4D47DCBAFB}"
EndProject
Global
	GlobalSection(SolutionConfigurationPlatforms) = preSolution
		Debug|Any CPU = Debug|Any CPU
		Release|Any CPU = Release|Any CPU
	EndGlobalSection
	GlobalSection(ProjectConfigurationPlatforms) = postSolution
		{08BCEA0E-E832-4758-98F2-E76FAB1D6579}.Debug|Any CPU.ActiveCfg = Debug|Any CPU
		{08BCEA0E-E832-4758-98F2-E76FAB1D6579}.Debug|Any CPU.Build.0 = Debug|Any CPU
		{08BCEA0E-E832-4758-98F2-E76FAB1D6579}.Release|Any CPU.ActiveCfg = Release|Any CPU
		{08BCEA0E-E832-4758-98F2-E76FAB1D6579}.Release|Any CPU.Build.0 = Release|Any CPU
		{035F3C80-4F45-4230-A47E-AA4D47DCBAFB}.Debug|Any CPU.ActiveCfg = Debug|Any CPU
		{035F3C80-4F45-4230-A47E-AA4D47DCBAFB}.Debug|Any CPU.Build.0 = Debug|Any CPU
		{035F3C80-4F45-4230-A47E-AA4D47DCBAFB}.Release|Any CPU.ActiveCfg = Release|Any CPU
		{035F3C80-4F45-4230-A47E-AA4D47DCBAFB}.Release|Any CPU.Build.0 = Release|Any CPU
	EndGlobalSection
	GlobalSection(SolutionProperties) = preSolution
		HideSolutionNode = FALSE
	EndGlobalSection
	GlobalSection(ExtensibilityGlobals) = postSolution
		SolutionGuid = {539FEDA5-EE6E-478E-A9E9-66BCB39F04DF}
	EndGlobalSection
EndGlobal
