
Microsoft Visual Studio Solution File, Format Version 12.00
# Visual Studio Version 16
VisualStudioVersion = 16.0.30114.105
MinimumVisualStudioVersion = 10.0.40219.1
Project("{FAE04EC0-301F-11D3-BF4B-00C04F79EFBC}") = "AspNetCoreMvc3.Introduction", "AspNetCoreMvc3.Introduction\AspNetCoreMvc3.Introduction.csproj", "{659FF7BF-742B-4436-AD66-47D7DCC34C1A}"
EndProject
Global
	GlobalSection(SolutionConfigurationPlatforms) = preSolution
		Debug|Any CPU = Debug|Any CPU
		Release|Any CPU = Release|Any CPU
	EndGlobalSection
	GlobalSection(ProjectConfigurationPlatforms) = postSolution
		{659FF7BF-742B-4436-AD66-47D7DCC34C1A}.Debug|Any CPU.ActiveCfg = Debug|Any CPU
		{659FF7BF-742B-4436-AD66-47D7DCC34C1A}.Debug|Any CPU.Build.0 = Debug|Any CPU
		{659FF7BF-742B-4436-AD66-47D7DCC34C1A}.Release|Any CPU.ActiveCfg = Release|Any CPU
		{659FF7BF-742B-4436-AD66-47D7DCC34C1A}.Release|Any CPU.Build.0 = Release|Any CPU
	EndGlobalSection
	GlobalSection(SolutionProperties) = preSolution
		HideSolutionNode = FALSE
	EndGlobalSection
	GlobalSection(ExtensibilityGlobals) = postSolution
		SolutionGuid = {539FEDA5-EE6E-478E-A9E9-66BCB39F04DF}
	EndGlobalSection
EndGlobal
